
Microsoft Visual Studio Solution File, Format Version 12.00
# Visual Studio Version 16
VisualStudioVersion = 16.0.31313.79
MinimumVisualStudioVersion = 10.0.40219.1
Project("{FAE04EC0-301F-11D3-BF4B-00C04F79EFBC}") = "WinSplit", "WinSplit\WinSplit.csproj", "{9CD415AD-5879-487E-B7EC-09018D31238E}"
EndProject
Global
	GlobalSection(SolutionConfigurationPlatforms) = preSolution
		Debug|Any CPU = Debug|Any CPU
		Release|Any CPU = Release|Any CPU
	EndGlobalSection
	GlobalSection(ProjectConfigurationPlatforms) = postSolution
		{9CD415AD-5879-487E-B7EC-09018D31238E}.Debug|Any CPU.ActiveCfg = Debug|Any CPU
		{9CD415AD-5879-487E-B7EC-09018D31238E}.Debug|Any CPU.Build.0 = Debug|Any CPU
		{9CD415AD-5879-487E-B7EC-09018D31238E}.Release|Any CPU.ActiveCfg = Release|Any CPU
		{9CD415AD-5879-487E-B7EC-09018D31238E}.Release|Any CPU.Build.0 = Release|Any CPU
	EndGlobalSection
	GlobalSection(SolutionProperties) = preSolution
		HideSolutionNode = FALSE
	EndGlobalSection
	GlobalSection(ExtensibilityGlobals) = postSolution
		SolutionGuid = {756C9D1D-159B-4FD3-86FD-32BE81D7077F}
	EndGlobalSection
EndGlobal
